
Microsoft Visual Studio Solution File, Format Version 12.00
# Visual Studio Version 16
VisualStudioVersion = 16.0.30907.101
MinimumVisualStudioVersion = 10.0.40219.1
Project("{FAE04EC0-301F-11D3-BF4B-00C04F79EFBC}") = "CMS", "CMS\CMS.csproj", "{06656669-7EE6-4767-8BEB-B5FADB89CB2A}"
EndProject
Project("{FAE04EC0-301F-11D3-BF4B-00C04F79EFBC}") = "CMS.MODEL", "CMS.MODEL\CMS.MODEL.csproj", "{C6B43A85-1BC3-465A-9335-4F5EB0BDF85A}"
EndProject
Project("{FAE04EC0-301F-11D3-BF4B-00C04F79EFBC}") = "CMS.REPOSITORY", "CMS.REPOSITORY\CMS.REPOSITORY.csproj", "{C741F94F-4019-4DF6-9EA7-129B3561C351}"
EndProject
Project("{FAE04EC0-301F-11D3-BF4B-00C04F79EFBC}") = "CMS.BUSINESS", "CMS.BUSINESS\CMS.BUSINESS.csproj", "{218D62EE-7CE1-4CA9-B3ED-258588AB9D29}"
EndProject
Project("{FAE04EC0-301F-11D3-BF4B-00C04F79EFBC}") = "CMS.UTILITIES", "CMS.UTILITIES\CMS.UTILITIES.csproj", "{3DC4BDBE-C6CA-46AA-B9EC-0BD8347A7AE4}"
EndProject
Global
	GlobalSection(SolutionConfigurationPlatforms) = preSolution
		Debug|Any CPU = Debug|Any CPU
		Release|Any CPU = Release|Any CPU
	EndGlobalSection
	GlobalSection(ProjectConfigurationPlatforms) = postSolution
		{06656669-7EE6-4767-8BEB-B5FADB89CB2A}.Debug|Any CPU.ActiveCfg = Debug|Any CPU
		{06656669-7EE6-4767-8BEB-B5FADB89CB2A}.Debug|Any CPU.Build.0 = Debug|Any CPU
		{06656669-7EE6-4767-8BEB-B5FADB89CB2A}.Release|Any CPU.ActiveCfg = Release|Any CPU
		{06656669-7EE6-4767-8BEB-B5FADB89CB2A}.Release|Any CPU.Build.0 = Release|Any CPU
		{C6B43A85-1BC3-465A-9335-4F5EB0BDF85A}.Debug|Any CPU.ActiveCfg = Debug|Any CPU
		{C6B43A85-1BC3-465A-9335-4F5EB0BDF85A}.Debug|Any CPU.Build.0 = Debug|Any CPU
		{C6B43A85-1BC3-465A-9335-4F5EB0BDF85A}.Release|Any CPU.ActiveCfg = Release|Any CPU
		{C6B43A85-1BC3-465A-9335-4F5EB0BDF85A}.Release|Any CPU.Build.0 = Release|Any CPU
		{C741F94F-4019-4DF6-9EA7-129B3561C351}.Debug|Any CPU.ActiveCfg = Debug|Any CPU
		{C741F94F-4019-4DF6-9EA7-129B3561C351}.Debug|Any CPU.Build.0 = Debug|Any CPU
		{C741F94F-4019-4DF6-9EA7-129B3561C351}.Release|Any CPU.ActiveCfg = Release|Any CPU
		{C741F94F-4019-4DF6-9EA7-129B3561C351}.Release|Any CPU.Build.0 = Release|Any CPU
		{218D62EE-7CE1-4CA9-B3ED-258588AB9D29}.Debug|Any CPU.ActiveCfg = Debug|Any CPU
		{218D62EE-7CE1-4CA9-B3ED-258588AB9D29}.Debug|Any CPU.Build.0 = Debug|Any CPU
		{218D62EE-7CE1-4CA9-B3ED-258588AB9D29}.Release|Any CPU.ActiveCfg = Release|Any CPU
		{218D62EE-7CE1-4CA9-B3ED-258588AB9D29}.Release|Any CPU.Build.0 = Release|Any CPU
		{3DC4BDBE-C6CA-46AA-B9EC-0BD8347A7AE4}.Debug|Any CPU.ActiveCfg = Debug|Any CPU
		{3DC4BDBE-C6CA-46AA-B9EC-0BD8347A7AE4}.Debug|Any CPU.Build.0 = Debug|Any CPU
		{3DC4BDBE-C6CA-46AA-B9EC-0BD8347A7AE4}.Release|Any CPU.ActiveCfg = Release|Any CPU
		{3DC4BDBE-C6CA-46AA-B9EC-0BD8347A7AE4}.Release|Any CPU.Build.0 = Release|Any CPU
	EndGlobalSection
	GlobalSection(SolutionProperties) = preSolution
		HideSolutionNode = FALSE
	EndGlobalSection
	GlobalSection(ExtensibilityGlobals) = postSolution
		SolutionGuid = {2A3CB2A4-DDC1-401D-977F-14F963716F90}
	EndGlobalSection
EndGlobal
